// !$*UTF8*$!
{
	archiveVersion = 1;
	classes = {
	};
	objectVersion = 50;
	objects = {

/* Begin PBXBuildFile section */
		5524DB3722DE345300DE10CC /* AppDelegate.swift in Sources */ = {isa = PBXBuildFile; fileRef = 5524DB3622DE345300DE10CC /* AppDelegate.swift */; };
		5524DB3922DE345300DE10CC /* ViewController.swift in Sources */ = {isa = PBXBuildFile; fileRef = 5524DB3822DE345300DE10CC /* ViewController.swift */; };
		5524DB3C22DE345300DE10CC /* Main.storyboard in Resources */ = {isa = PBXBuildFile; fileRef = 5524DB3A22DE345300DE10CC /* Main.storyboard */; };
		5524DB3F22DE345300DE10CC /* hotDiggityDog.xcdatamodeld in Sources */ = {isa = PBXBuildFile; fileRef = 5524DB3D22DE345300DE10CC /* hotDiggityDog.xcdatamodeld */; };
		5524DB4122DE345500DE10CC /* Assets.xcassets in Resources */ = {isa = PBXBuildFile; fileRef = 5524DB4022DE345500DE10CC /* Assets.xcassets */; };
		5524DB4422DE345500DE10CC /* LaunchScreen.storyboard in Resources */ = {isa = PBXBuildFile; fileRef = 5524DB4222DE345500DE10CC /* LaunchScreen.storyboard */; };
/* End PBXBuildFile section */

/* Begin PBXFileReference section */
		5524DB3322DE345300DE10CC /* hotDiggityDog.app */ = {isa = PBXFileReference; explicitFileType = wrapper.application; includeInIndex = 0; path = hotDiggityDog.app; sourceTree = BUILT_PRODUCTS_DIR; };
		5524DB3622DE345300DE10CC /* AppDelegate.swift */ = {isa = PBXFileReference; lastKnownFileType = sourcecode.swift; path = AppDelegate.swift; sourceTree = "<group>"; };
		5524DB3822DE345300DE10CC /* ViewController.swift */ = {isa = PBXFileReference; lastKnownFileType = sourcecode.swift; path = ViewController.swift; sourceTree = "<group>"; };
		5524DB3B22DE345300DE10CC /* Base */ = {isa = PBXFileReference; lastKnownFileType = file.storyboard; name = Base; path = Base.lproj/Main.storyboard; sourceTree = "<group>"; };
		5524DB3E22DE345300DE10CC /* hotDiggityDog.xcdatamodel */ = {isa = PBXFileReference; lastKnownFileType = wrapper.xcdatamodel; path = hotDiggityDog.xcdatamodel; sourceTree = "<group>"; };
		5524DB4022DE345500DE10CC /* Assets.xcassets */ = {isa = PBXFileReference; lastKnownFileType = folder.assetcatalog; path = Assets.xcassets; sourceTree = "<group>"; };
		5524DB4322DE345500DE10CC /* Base */ = {isa = PBXFileReference; lastKnownFileType = file.storyboard; name = Base; path = Base.lproj/LaunchScreen.storyboard; sourceTree = "<group>"; };
		5524DB4522DE345500DE10CC /* Info.plist */ = {isa = PBXFileReference; lastKnownFileType = text.plist.xml; path = Info.plist; sourceTree = "<group>"; };
/* End PBXFileReference section */

/* Begin PBXFrameworksBuildPhase section */
		5524DB3022DE345300DE10CC /* Frameworks */ = {
			isa = PBXFrameworksBuildPhase;
			buildActionMask = 2147483647;
			files = (
			);
			runOnlyForDeploymentPostprocessing = 0;
		};
/* End PBXFrameworksBuildPhase section */

/* Begin PBXGroup section */
		5524DB2A22DE345300DE10CC = {
			isa = PBXGroup;
			children = (
				5524DB3522DE345300DE10CC /* hotDiggityDog */,
				5524DB3422DE345300DE10CC /* Products */,
			);
			sourceTree = "<group>";
		};
		5524DB3422DE345300DE10CC /* Products */ = {
			isa = PBXGroup;
			children = (
				5524DB3322DE345300DE10CC /* hotDiggityDog.app */,
			);
			name = Products;
			sourceTree = "<group>";
		};
		5524DB3522DE345300DE10CC /* hotDiggityDog */ = {
			isa = PBXGroup;
			children = (
				5524DB3622DE345300DE10CC /* AppDelegate.swift */,
				5524DB3822DE345300DE10CC /* ViewController.swift */,
				5524DB3A22DE345300DE10CC /* Main.storyboard */,
				5524DB4022DE345500DE10CC /* Assets.xcassets */,
				5524DB4222DE345500DE10CC /* LaunchScreen.storyboard */,
				5524DB4522DE345500DE10CC /* Info.plist */,
				5524DB3D22DE345300DE10CC /* hotDiggityDog.xcdatamodeld */,
			);
			path = hotDiggityDog;
			sourceTree = "<group>";
		};
/* End PBXGroup section */

/* Begin PBXNativeTarget section */
		5524DB3222DE345300DE10CC /* hotDiggityDog */ = {
			isa = PBXNativeTarget;
			buildConfigurationList = 5524DB4822DE345500DE10CC /* Build configuration list for PBXNativeTarget "hotDiggityDog" */;
			buildPhases = (
				5524DB2F22DE345300DE10CC /* Sources */,
				5524DB3022DE345300DE10CC /* Frameworks */,
				5524DB3122DE345300DE10CC /* Resources */,
			);
			buildRules = (
			);
			dependencies = (
			);
			name = hotDiggityDog;
			productName = hotDiggityDog;
			productReference = 5524DB3322DE345300DE10CC /* hotDiggityDog.app */;
			productType = "com.apple.product-type.application";
		};
/* End PBXNativeTarget section */

/* Begin PBXProject section */
		5524DB2B22DE345300DE10CC /* Project object */ = {
			isa = PBXProject;
			attributes = {
				LastSwiftUpdateCheck = 1020;
				LastUpgradeCheck = 1020;
				ORGANIZATIONNAME = "Frank Reichard";
				TargetAttributes = {
					5524DB3222DE345300DE10CC = {
						CreatedOnToolsVersion = 10.2.1;
					};
				};
			};
			buildConfigurationList = 5524DB2E22DE345300DE10CC /* Build configuration list for PBXProject "hotDiggityDog" */;
			compatibilityVersion = "Xcode 9.3";
			developmentRegion = en;
			hasScannedForEncodings = 0;
			knownRegions = (
				en,
				Base,
			);
			mainGroup = 5524DB2A22DE345300DE10CC;
			productRefGroup = 5524DB3422DE345300DE10CC /* Products */;
			projectDirPath = "";
			projectRoot = "";
			targets = (
				5524DB3222DE345300DE10CC /* hotDiggityDog */,
			);
		};
/* End PBXProject section */

/* Begin PBXResourcesBuildPhase section */
		5524DB3122DE345300DE10CC /* Resources */ = {
			isa = PBXResourcesBuildPhase;
			buildActionMask = 2147483647;
			files = (
				5524DB4422DE345500DE10CC /* LaunchScreen.storyboard in Resources */,
				5524DB4122DE345500DE10CC /* Assets.xcassets in Resources */,
				5524DB3C22DE345300DE10CC /* Main.storyboard in Resources */,
			);
			runOnlyForDeploymentPostprocessing = 0;
		};
/* End PBXResourcesBuildPhase section */

/* Begin PBXSourcesBuildPhase section */
		5524DB2F22DE345300DE10CC /* Sources */ = {
			isa = PBXSourcesBuildPhase;
			buildActionMask = 2147483647;
			files = (
				5524DB3922DE345300DE10CC /* ViewController.swift in Sources */,
				5524DB3722DE345300DE10CC /* AppDelegate.swift in Sources */,
				5524DB3F22DE345300DE10CC /* hotDiggityDog.xcdatamodeld in Sources */,
			);
			runOnlyForDeploymentPostprocessing = 0;
		};
/* End PBXSourcesBuildPhase section */

/* Begin PBXVariantGroup section */
		5524DB3A22DE345300DE10CC /* Main.storyboard */ = {
			isa = PBXVariantGroup;
			children = (
				5524DB3B22DE345300DE10CC /* Base */,
			);
			name = Main.storyboard;
			sourceTree = "<group>";
		};
		5524DB4222DE345500DE10CC /* LaunchScreen.storyboard */ = {
			isa = PBXVariantGroup;
			children = (
				5524DB4322DE345500DE10CC /* Base */,
			);
			name = LaunchScreen.storyboard;
			sourceTree = "<group>";
		};
/* End PBXVariantGroup section */

/* Begin XCBuildConfiguration section */
		5524DB4622DE345500DE10CC /* Debug */ = {
			isa = XCBuildConfiguration;
			buildSettings = {
				ALWAYS_SEARCH_USER_PATHS = NO;
				CLANG_ANALYZER_NONNULL = YES;
				CLANG_ANALYZER_NUMBER_OBJECT_CONVERSION = YES_AGGRESSIVE;
				CLANG_CXX_LANGUAGE_STANDARD = "gnu++14";
				CLANG_CXX_LIBRARY = "libc++";
				CLANG_ENABLE_MODULES = YES;
				CLANG_ENABLE_OBJC_ARC = YES;
				CLANG_ENABLE_OBJC_WEAK = YES;
				CLANG_WARN_BLOCK_CAPTURE_AUTORELEASING = YES;
				CLANG_WARN_BOOL_CONVERSION = YES;
				CLANG_WARN_COMMA = YES;
				CLANG_WARN_CONSTANT_CONVERSION = YES;
				CLANG_WARN_DEPRECATED_OBJC_IMPLEMENTATIONS = YES;
				CLANG_WARN_DIRECT_OBJC_ISA_USAGE = YES_ERROR;
				CLANG_WARN_DOCUMENTATION_COMMENTS = YES;
				CLANG_WARN_EMPTY_BODY = YES;
				CLANG_WARN_ENUM_CONVERSION = YES;
				CLANG_WARN_INFINITE_RECURSION = YES;
				CLANG_WARN_INT_CONVERSION = YES;
				CLANG_WARN_NON_LITERAL_NULL_CONVERSION = YES;
				CLANG_WARN_OBJC_IMPLICIT_RETAIN_SELF = YES;
				CLANG_WARN_OBJC_LITERAL_CONVERSION = YES;
				CLANG_WARN_OBJC_ROOT_CLASS = YES_ERROR;
				CLANG_WARN_RANGE_LOOP_ANALYSIS = YES;
				CLANG_WARN_STRICT_PROTOTYPES = YES;
				CLANG_WARN_SUSPICIOUS_MOVE = YES;
				CLANG_WARN_UNGUARDED_AVAILABILITY = YES_AGGRESSIVE;
				CLANG_WARN_UNREACHABLE_CODE = YES;
				CLANG_WARN__DUPLICATE_METHOD_MATCH = YES;
				CODE_SIGN_IDENTITY = "iPhone Developer";
				COPY_PHASE_STRIP = NO;
				DEBUG_INFORMATION_FORMAT = dwarf;
				ENABLE_STRICT_OBJC_MSGSEND = YES;
				ENABLE_TESTABILITY = YES;
				GCC_C_LANGUAGE_STANDARD = gnu11;
				GCC_DYNAMIC_NO_PIC = NO;
				GCC_NO_COMMON_BLOCKS = YES;
				GCC_OPTIMIZATION_LEVEL = 0;
				GCC_PREPROCESSOR_DEFINITIONS = (
					"DEBUG=1",
					"$(inherited)",
				);
				GCC_WARN_64_TO_32_BIT_CONVERSION = YES;
				GCC_WARN_ABOUT_RETURN_TYPE = YES_ERROR;
				GCC_WARN_UNDECLARED_SELECTOR = YES;
				GCC_WARN_UNINITIALIZED_AUTOS = YES_AGGRESSIVE;
				GCC_WARN_UNUSED_FUNCTION = YES;
				GCC_WARN_UNUSED_VARIABLE = YES;
				IPHONEOS_DEPLOYMENT_TARGET = 12.2;
				MTL_ENABLE_DEBUG_INFO = INCLUDE_SOURCE;
				MTL_FAST_MATH = YES;
				ONLY_ACTIVE_ARCH = YES;
				SDKROOT = iphoneos;
				SWIFT_ACTIVE_COMPILATION_CONDITIONS = DEBUG;
				SWIFT_OPTIMIZATION_LEVEL = "-Onone";
			};
			name = Debug;
		};
		5524DB4722DE345500DE10CC /* Release */ = {
			isa = XCBuildConfiguration;
			buildSettings = {
				ALWAYS_SEARCH_USER_PATHS = NO;
				CLANG_ANALYZER_NONNULL = YES;
				CLANG_ANALYZER_NUMBER_OBJECT_CONVERSION = YES_AGGRESSIVE;
				CLANG_CXX_LANGUAGE_STANDARD = "gnu++14";
				CLANG_CXX_LIBRARY = "libc++";
				CLANG_ENABLE_MODULES = YES;
				CLANG_ENABLE_OBJC_ARC = YES;
				CLANG_ENABLE_OBJC_WEAK = YES;
				CLANG_WARN_BLOCK_CAPTURE_AUTORELEASING = YES;
				CLANG_WARN_BOOL_CONVERSION = YES;
				CLANG_WARN_COMMA = YES;
				CLANG_WARN_CONSTANT_CONVERSION = YES;
				CLANG_WARN_DEPRECATED_OBJC_IMPLEMENTATIONS = YES;
				CLANG_WARN_DIRECT_OBJC_ISA_USAGE = YES_ERROR;
				CLANG_WARN_DOCUMENTATION_COMMENTS = YES;
				CLANG_WARN_EMPTY_BODY = YES;
				CLANG_WARN_ENUM_CONVERSION = YES;
				CLANG_WARN_INFINITE_RECURSION = YES;
				CLANG_WARN_INT_CONVERSION = YES;
				CLANG_WARN_NON_LITERAL_NULL_CONVERSION = YES;
				CLANG_WARN_OBJC_IMPLICIT_RETAIN_SELF = YES;
				CLANG_WARN_OBJC_LITERAL_CONVERSION = YES;
				CLANG_WARN_OBJC_ROOT_CLASS = YES_ERROR;
				CLANG_WARN_RANGE_LOOP_ANALYSIS = YES;
				CLANG_WARN_STRICT_PROTOTYPES = YES;
				CLANG_WARN_SUSPICIOUS_MOVE = YES;
				CLANG_WARN_UNGUARDED_AVAILABILITY = YES_AGGRESSIVE;
				CLANG_WARN_UNREACHABLE_CODE = YES;
				CLANG_WARN__DUPLICATE_METHOD_MATCH = YES;
				CODE_SIGN_IDENTITY = "iPhone Developer";
				COPY_PHASE_STRIP = NO;
				DEBUG_INFORMATION_FORMAT = "dwarf-with-dsym";
				ENABLE_NS_ASSERTIONS = NO;
				ENABLE_STRICT_OBJC_MSGSEND = YES;
				GCC_C_LANGUAGE_STANDARD = gnu11;
				GCC_NO_COMMON_BLOCKS = YES;
				GCC_WARN_64_TO_32_BIT_CONVERSION = YES;
				GCC_WARN_ABOUT_RETURN_TYPE = YES_ERROR;
				GCC_WARN_UNDECLARED_SELECTOR = YES;
				GCC_WARN_UNINITIALIZED_AUTOS = YES_AGGRESSIVE;
				GCC_WARN_UNUSED_FUNCTION = YES;
				GCC_WARN_UNUSED_VARIABLE = YES;
				IPHONEOS_DEPLOYMENT_TARGET = 12.2;
				MTL_ENABLE_DEBUG_INFO = NO;
				MTL_FAST_MATH = YES;
				SDKROOT = iphoneos;
				SWIFT_COMPILATION_MODE = wholemodule;
				SWIFT_OPTIMIZATION_LEVEL = "-O";
				VALIDATE_PRODUCT = YES;
			};
			name = Release;
		};
		5524DB4922DE345500DE10CC /* Debug */ = {
			isa = XCBuildConfiguration;
			buildSettings = {
				ASSETCATALOG_COMPILER_APPICON_NAME = AppIcon;
				CODE_SIGN_STYLE = Automatic;
				DEVELOPMENT_TEAM = PSGA57Z2VJ;
				INFOPLIST_FILE = hotDiggityDog/Info.plist;
				LD_RUNPATH_SEARCH_PATHS = (
					"$(inherited)",
					"@executable_path/Frameworks",
				);
				PRODUCT_BUNDLE_IDENTIFIER = com.frankreichard.hotDiggityDog;
				PRODUCT_NAME = "$(TARGET_NAME)";
				SWIFT_VERSION = 5.0;
				TARGETED_DEVICE_FAMILY = "1,2";
			};
			name = Debug;
		};
		5524DB4A22DE345500DE10CC /* Release */ = {
			isa = XCBuildConfiguration;
			buildSettings = {
				ASSETCATALOG_COMPILER_APPICON_NAME = AppIcon;
				CODE_SIGN_STYLE = Automatic;
				DEVELOPMENT_TEAM = PSGA57Z2VJ;
				INFOPLIST_FILE = hotDiggityDog/Info.plist;
				LD_RUNPATH_SEARCH_PATHS = (
					"$(inherited)",
					"@executable_path/Frameworks",
				);
				PRODUCT_BUNDLE_IDENTIFIER = com.frankreichard.hotDiggityDog;
				PRODUCT_NAME = "$(TARGET_NAME)";
				SWIFT_VERSION = 5.0;
				TARGETED_DEVICE_FAMILY = "1,2";
			};
			name = Release;
		};
/* End XCBuildConfiguration section */

/* Begin XCConfigurationList section */
		5524DB2E22DE345300DE10CC /* Build configuration list for PBXProject "hotDiggityDog" */ = {
			isa = XCConfigurationList;
			buildConfigurations = (
				5524DB4622DE345500DE10CC /* Debug */,
				5524DB4722DE345500DE10CC /* Release */,
			);
			defaultConfigurationIsVisible = 0;
			defaultConfigurationName = Release;
		};
		5524DB4822DE345500DE10CC /* Build configuration list for PBXNativeTarget "hotDiggityDog" */ = {
			isa = XCConfigurationList;
			buildConfigurations = (
				5524DB4922DE345500DE10CC /* Debug */,
				5524DB4A22DE345500DE10CC /* Release */,
			);
			defaultConfigurationIsVisible = 0;
			defaultConfigurationName = Release;
		};
/* End XCConfigurationList section */

/* Begin XCVersionGroup section */
		5524DB3D22DE345300DE10CC /* hotDiggityDog.xcdatamodeld */ = {
			isa = XCVersionGroup;
			children = (
				5524DB3E22DE345300DE10CC /* hotDiggityDog.xcdatamodel */,
			);
			currentVersion = 5524DB3E22DE345300DE10CC /* hotDiggityDog.xcdatamodel */;
			path = hotDiggityDog.xcdatamodeld;
			sourceTree = "<group>";
			versionGroupType = wrapper.xcdatamodel;
		};
/* End XCVersionGroup section */
	};
	rootObject = 5524DB2B22DE345300DE10CC /* Project object */;
}
